Microsoft Visual Studio Solution File, Format Version 12.00
# Visual Studio Version 17
VisualStudioVersion = 17.5.2.0
MinimumVisualStudioVersion = 10.0.40219.1
Project("{FAE04EC0-301F-11D3-BF4B-00C04F79EFBC}") = "ElderEngine", "ElderEngine.csproj", "{5195C591-D5E6-DBF5-5A1A-381F2DB25496}"
EndProject
Global
	GlobalSection(SolutionConfigurationPlatforms) = preSolution
		Debug|Any CPU = Debug|Any CPU
		Release|Any CPU = Release|Any CPU
	EndGlobalSection
	GlobalSection(ProjectConfigurationPlatforms) = postSolution
		{5195C591-D5E6-DBF5-5A1A-381F2DB25496}.Debug|Any CPU.ActiveCfg = Debug|Any CPU
		{5195C591-D5E6-DBF5-5A1A-381F2DB25496}.Debug|Any CPU.Build.0 = Debug|Any CPU
		{5195C591-D5E6-DBF5-5A1A-381F2DB25496}.Release|Any CPU.ActiveCfg = Release|Any CPU
		{5195C591-D5E6-DBF5-5A1A-381F2DB25496}.Release|Any CPU.Build.0 = Release|Any CPU
	EndGlobalSection
	GlobalSection(SolutionProperties) = preSolution
		HideSolutionNode = FALSE
	EndGlobalSection
	GlobalSection(ExtensibilityGlobals) = postSolution
		SolutionGuid = {3799355E-64FE-40F8-8EE3-60603986B9C8}
	EndGlobalSection
EndGlobal
